
Microsoft Visual Studio Solution File, Format Version 12.00
Project("{2150E333-8FDC-42A3-9474-1A3956D46DE8}") = "Services", "Services", "{97CCF602-9368-4723-A24A-3BADADB51948}"
EndProject
Project("{2150E333-8FDC-42A3-9474-1A3956D46DE8}") = "Core", "Core", "{F862EEEA-EA29-48E8-90F5-8C1ADABB1C2F}"
EndProject
Project("{2150E333-8FDC-42A3-9474-1A3956D46DE8}") = "src", "src", "{2C69685A-C20B-4E6A-A9A4-DE2D745589A5}"
EndProject
Project("{2150E333-8FDC-42A3-9474-1A3956D46DE8}") = "tests", "tests", "{B8E325A0-2CCE-4E93-AEB9-A056B51A48EE}"
EndProject
Project("{FAE04EC0-301F-11D3-BF4B-00C04F79EFBC}") = "Core.API", "Services\Core\src\Core.API\Core.API.csproj", "{AA231555-F2C2-4A1C-A585-644CA058F7D0}"
EndProject
Project("{2150E333-8FDC-42A3-9474-1A3956D46DE8}") = "Solution Items", "Solution Items", "{C3BCF371-7DBA-487C-AD53-328A2AAE282D}"
	ProjectSection(SolutionItems) = preProject
		docker-compose.yml = docker-compose.yml
		.github\workflows\main.yml = .github\workflows\main.yml
		.editorconfig = .editorconfig
		Directory.Build.props = Directory.Build.props
	EndProjectSection
EndProject
Project("{FAE04EC0-301F-11D3-BF4B-00C04F79EFBC}") = "Core.Domain", "Services\Core\src\Core.Domain\Core.Domain.csproj", "{8BD77032-1CCF-45EE-9310-9B6B90E83403}"
EndProject
Project("{FAE04EC0-301F-11D3-BF4B-00C04F79EFBC}") = "Core.Infrastructure", "Services\Core\src\Core.Infrastructure\Core.Infrastructure.csproj", "{396FD467-0E4C-4918-8F3B-BC973D3E0FCA}"
EndProject
Project("{FAE04EC0-301F-11D3-BF4B-00C04F79EFBC}") = "Core.Application", "Services\Core\src\Core.Application\Core.Application.csproj", "{103D117D-D22C-4B2E-8EA2-EC12D0092906}"
EndProject
Project("{2150E333-8FDC-42A3-9474-1A3956D46DE8}") = "unit", "unit", "{410AD20A-F4E2-4970-B506-080CB775C80B}"
EndProject
Project("{FAE04EC0-301F-11D3-BF4B-00C04F79EFBC}") = "Core.Domain.UnitTests", "Services\Core\tests\Core.Domain.UnitTests\Core.Domain.UnitTests.csproj", "{274E2309-AC19-4D5B-98FC-9774207CA44B}"
EndProject
Project("{FAE04EC0-301F-11D3-BF4B-00C04F79EFBC}") = "Core.Presentation", "Services\Core\src\Core.Presentation\Core.Presentation.csproj", "{2FBD4CE7-5FCE-40B6-9BA9-8F0011856FF4}"
EndProject
Project("{FAE04EC0-301F-11D3-BF4B-00C04F79EFBC}") = "Architecture.Tests", "Services\Core\tests\Architecture.Tests\Architecture.Tests.csproj", "{5B6C845C-8C1A-4AE8-901A-8774AD29BC30}"
EndProject
Project("{FAE04EC0-301F-11D3-BF4B-00C04F79EFBC}") = "Core.Application.UnitTests", "Services\Core\tests\Core.Application.UnitTests\Core.Application.UnitTests.csproj", "{74930E13-3DFA-4CD7-8740-A41EAB311744}"
EndProject
Project("{2150E333-8FDC-42A3-9474-1A3956D46DE8}") = "DigitalBank", "DigitalBank", "{208FB14A-6B04-491B-8274-7846AB0AC9D2}"
EndProject
Project("{2150E333-8FDC-42A3-9474-1A3956D46DE8}") = "src", "src", "{1EE62D61-60D4-4A1A-941E-86B14F1D8B8C}"
EndProject
Project("{2150E333-8FDC-42A3-9474-1A3956D46DE8}") = "tests", "tests", "{BE084F2F-A073-410C-AFE3-2667D0BA4E38}"
EndProject
Project("{FAE04EC0-301F-11D3-BF4B-00C04F79EFBC}") = "DigitalBank.API", "Services\DigitalBank\src\DigitalBank.API\DigitalBank.API.csproj", "{54C03EAE-4CF3-4995-887C-7FAC05A8291D}"
EndProject
Project("{2150E333-8FDC-42A3-9474-1A3956D46DE8}") = "Notification", "Notification", "{6442EB01-0FCD-46E6-B8BC-EBF02CA4140B}"
EndProject
Project("{2150E333-8FDC-42A3-9474-1A3956D46DE8}") = "src", "src", "{F32533B0-AF99-424F-970C-F2C14A9E697A}"
EndProject
Project("{2150E333-8FDC-42A3-9474-1A3956D46DE8}") = "tests", "tests", "{6EABA2D6-8F26-423B-A4B8-604B16A62BF5}"
EndProject
Project("{FAE04EC0-301F-11D3-BF4B-00C04F79EFBC}") = "Notification.API", "Services\Notification\src\Notification.API\Notification.API.csproj", "{D770E3F4-8068-49DD-B0E8-64306D6015BE}"
EndProject
Project("{2150E333-8FDC-42A3-9474-1A3956D46DE8}") = "Payment", "Payment", "{5492476D-DBF2-4D9D-9637-B49D9EE22A65}"
EndProject
Project("{2150E333-8FDC-42A3-9474-1A3956D46DE8}") = "src", "src", "{AFC18A77-15B1-4356-826E-53A3BDCD7B8F}"
EndProject
Project("{2150E333-8FDC-42A3-9474-1A3956D46DE8}") = "tests", "tests", "{1CE72FFD-6D46-4EF2-AD54-CD749CB192E8}"
EndProject
Project("{FAE04EC0-301F-11D3-BF4B-00C04F79EFBC}") = "Payment.API", "Services\Payment\src\Payment.API\Payment.API.csproj", "{5E08D49C-230C-4BB7-A9C2-B764EC777A9D}"
EndProject
Project("{2150E333-8FDC-42A3-9474-1A3956D46DE8}") = "Identity", "Identity", "{A23C1DD1-BDDD-40F7-ADBC-4AC633B89E1A}"
EndProject
Project("{2150E333-8FDC-42A3-9474-1A3956D46DE8}") = "src", "src", "{F55185F6-28EC-43EA-8C51-F5481CA1DE3D}"
EndProject
Project("{2150E333-8FDC-42A3-9474-1A3956D46DE8}") = "tests", "tests", "{A4AE24B0-9FC5-474A-BEA2-D88DB74727D2}"
EndProject
Project("{FAE04EC0-301F-11D3-BF4B-00C04F79EFBC}") = "Identity.API", "Services\Identity\src\Identity.API\Identity.API.csproj", "{EEFBA9F4-FB7A-45EF-BCC2-AEBCF8DAE38A}"
EndProject
Project("{2150E333-8FDC-42A3-9474-1A3956D46DE8}") = "Gateway", "Gateway", "{9E2804FB-F980-4EBE-9C3B-EC89E29F1B0F}"
EndProject
Project("{2150E333-8FDC-42A3-9474-1A3956D46DE8}") = "src", "src", "{F0A81438-6F97-457A-8683-7CB2D50CF7D6}"
EndProject
Project("{2150E333-8FDC-42A3-9474-1A3956D46DE8}") = "tests", "tests", "{CE251B5F-D361-4266-A405-6393A04B37BD}"
EndProject
Project("{FAE04EC0-301F-11D3-BF4B-00C04F79EFBC}") = "Gateway.API", "Gateway\src\Gateway.API\Gateway.API.csproj", "{C4717FC4-CDE1-409B-9886-094D1AA5CA4E}"
EndProject
Project("{2150E333-8FDC-42A3-9474-1A3956D46DE8}") = "Order", "Order", "{E600139E-57C4-454C-A4AF-5CA3E050C5A2}"
EndProject
Project("{2150E333-8FDC-42A3-9474-1A3956D46DE8}") = "src", "src", "{FA09A275-C91D-431B-8BE8-632E0B6978E7}"
EndProject
Project("{2150E333-8FDC-42A3-9474-1A3956D46DE8}") = "tests", "tests", "{DBC79BD5-B0F5-44D6-A50B-FA629307B565}"
EndProject
Project("{FAE04EC0-301F-11D3-BF4B-00C04F79EFBC}") = "Order.API", "Services\Order\src\Order.API\Order.API.csproj", "{B22D04C4-B7DF-4AF7-8AE0-6FCBA6D1DC0C}"
EndProject
Project("{FAE04EC0-301F-11D3-BF4B-00C04F79EFBC}") = "SharedKernel", "Services\SharedKernel\SharedKernel.csproj", "{38C696BE-AF88-4013-8C1F-C9279EE415A6}"
EndProject
Global
	GlobalSection(SolutionConfigurationPlatforms) = preSolution
		Debug|Any CPU = Debug|Any CPU
		Release|Any CPU = Release|Any CPU
	EndGlobalSection
	GlobalSection(NestedProjects) = preSolution
		{F862EEEA-EA29-48E8-90F5-8C1ADABB1C2F} = {97CCF602-9368-4723-A24A-3BADADB51948}
		{2C69685A-C20B-4E6A-A9A4-DE2D745589A5} = {F862EEEA-EA29-48E8-90F5-8C1ADABB1C2F}
		{B8E325A0-2CCE-4E93-AEB9-A056B51A48EE} = {F862EEEA-EA29-48E8-90F5-8C1ADABB1C2F}
		{AA231555-F2C2-4A1C-A585-644CA058F7D0} = {2C69685A-C20B-4E6A-A9A4-DE2D745589A5}
		{8BD77032-1CCF-45EE-9310-9B6B90E83403} = {2C69685A-C20B-4E6A-A9A4-DE2D745589A5}
		{396FD467-0E4C-4918-8F3B-BC973D3E0FCA} = {2C69685A-C20B-4E6A-A9A4-DE2D745589A5}
		{103D117D-D22C-4B2E-8EA2-EC12D0092906} = {2C69685A-C20B-4E6A-A9A4-DE2D745589A5}
		{410AD20A-F4E2-4970-B506-080CB775C80B} = {B8E325A0-2CCE-4E93-AEB9-A056B51A48EE}
		{274E2309-AC19-4D5B-98FC-9774207CA44B} = {410AD20A-F4E2-4970-B506-080CB775C80B}
		{2FBD4CE7-5FCE-40B6-9BA9-8F0011856FF4} = {2C69685A-C20B-4E6A-A9A4-DE2D745589A5}
		{5B6C845C-8C1A-4AE8-901A-8774AD29BC30} = {B8E325A0-2CCE-4E93-AEB9-A056B51A48EE}
		{74930E13-3DFA-4CD7-8740-A41EAB311744} = {410AD20A-F4E2-4970-B506-080CB775C80B}
		{208FB14A-6B04-491B-8274-7846AB0AC9D2} = {97CCF602-9368-4723-A24A-3BADADB51948}
		{1EE62D61-60D4-4A1A-941E-86B14F1D8B8C} = {208FB14A-6B04-491B-8274-7846AB0AC9D2}
		{BE084F2F-A073-410C-AFE3-2667D0BA4E38} = {208FB14A-6B04-491B-8274-7846AB0AC9D2}
		{54C03EAE-4CF3-4995-887C-7FAC05A8291D} = {1EE62D61-60D4-4A1A-941E-86B14F1D8B8C}
		{6442EB01-0FCD-46E6-B8BC-EBF02CA4140B} = {97CCF602-9368-4723-A24A-3BADADB51948}
		{F32533B0-AF99-424F-970C-F2C14A9E697A} = {6442EB01-0FCD-46E6-B8BC-EBF02CA4140B}
		{6EABA2D6-8F26-423B-A4B8-604B16A62BF5} = {6442EB01-0FCD-46E6-B8BC-EBF02CA4140B}
		{D770E3F4-8068-49DD-B0E8-64306D6015BE} = {F32533B0-AF99-424F-970C-F2C14A9E697A}
		{5492476D-DBF2-4D9D-9637-B49D9EE22A65} = {97CCF602-9368-4723-A24A-3BADADB51948}
		{AFC18A77-15B1-4356-826E-53A3BDCD7B8F} = {5492476D-DBF2-4D9D-9637-B49D9EE22A65}
		{1CE72FFD-6D46-4EF2-AD54-CD749CB192E8} = {5492476D-DBF2-4D9D-9637-B49D9EE22A65}
		{5E08D49C-230C-4BB7-A9C2-B764EC777A9D} = {AFC18A77-15B1-4356-826E-53A3BDCD7B8F}
		{A23C1DD1-BDDD-40F7-ADBC-4AC633B89E1A} = {97CCF602-9368-4723-A24A-3BADADB51948}
		{F55185F6-28EC-43EA-8C51-F5481CA1DE3D} = {A23C1DD1-BDDD-40F7-ADBC-4AC633B89E1A}
		{A4AE24B0-9FC5-474A-BEA2-D88DB74727D2} = {A23C1DD1-BDDD-40F7-ADBC-4AC633B89E1A}
		{EEFBA9F4-FB7A-45EF-BCC2-AEBCF8DAE38A} = {F55185F6-28EC-43EA-8C51-F5481CA1DE3D}
		{F0A81438-6F97-457A-8683-7CB2D50CF7D6} = {9E2804FB-F980-4EBE-9C3B-EC89E29F1B0F}
		{CE251B5F-D361-4266-A405-6393A04B37BD} = {9E2804FB-F980-4EBE-9C3B-EC89E29F1B0F}
		{C4717FC4-CDE1-409B-9886-094D1AA5CA4E} = {F0A81438-6F97-457A-8683-7CB2D50CF7D6}
		{E600139E-57C4-454C-A4AF-5CA3E050C5A2} = {97CCF602-9368-4723-A24A-3BADADB51948}
		{FA09A275-C91D-431B-8BE8-632E0B6978E7} = {E600139E-57C4-454C-A4AF-5CA3E050C5A2}
		{DBC79BD5-B0F5-44D6-A50B-FA629307B565} = {E600139E-57C4-454C-A4AF-5CA3E050C5A2}
		{B22D04C4-B7DF-4AF7-8AE0-6FCBA6D1DC0C} = {FA09A275-C91D-431B-8BE8-632E0B6978E7}
		{38C696BE-AF88-4013-8C1F-C9279EE415A6} = {97CCF602-9368-4723-A24A-3BADADB51948}
	EndGlobalSection
	GlobalSection(ProjectConfigurationPlatforms) = postSolution
		{AA231555-F2C2-4A1C-A585-644CA058F7D0}.Debug|Any CPU.ActiveCfg = Debug|Any CPU
		{AA231555-F2C2-4A1C-A585-644CA058F7D0}.Debug|Any CPU.Build.0 = Debug|Any CPU
		{AA231555-F2C2-4A1C-A585-644CA058F7D0}.Release|Any CPU.ActiveCfg = Release|Any CPU
		{AA231555-F2C2-4A1C-A585-644CA058F7D0}.Release|Any CPU.Build.0 = Release|Any CPU
		{8BD77032-1CCF-45EE-9310-9B6B90E83403}.Debug|Any CPU.ActiveCfg = Debug|Any CPU
		{8BD77032-1CCF-45EE-9310-9B6B90E83403}.Debug|Any CPU.Build.0 = Debug|Any CPU
		{8BD77032-1CCF-45EE-9310-9B6B90E83403}.Release|Any CPU.ActiveCfg = Release|Any CPU
		{8BD77032-1CCF-45EE-9310-9B6B90E83403}.Release|Any CPU.Build.0 = Release|Any CPU
		{396FD467-0E4C-4918-8F3B-BC973D3E0FCA}.Debug|Any CPU.ActiveCfg = Debug|Any CPU
		{396FD467-0E4C-4918-8F3B-BC973D3E0FCA}.Debug|Any CPU.Build.0 = Debug|Any CPU
		{396FD467-0E4C-4918-8F3B-BC973D3E0FCA}.Release|Any CPU.ActiveCfg = Release|Any CPU
		{396FD467-0E4C-4918-8F3B-BC973D3E0FCA}.Release|Any CPU.Build.0 = Release|Any CPU
		{103D117D-D22C-4B2E-8EA2-EC12D0092906}.Debug|Any CPU.ActiveCfg = Debug|Any CPU
		{103D117D-D22C-4B2E-8EA2-EC12D0092906}.Debug|Any CPU.Build.0 = Debug|Any CPU
		{103D117D-D22C-4B2E-8EA2-EC12D0092906}.Release|Any CPU.ActiveCfg = Release|Any CPU
		{103D117D-D22C-4B2E-8EA2-EC12D0092906}.Release|Any CPU.Build.0 = Release|Any CPU
		{274E2309-AC19-4D5B-98FC-9774207CA44B}.Debug|Any CPU.ActiveCfg = Debug|Any CPU
		{274E2309-AC19-4D5B-98FC-9774207CA44B}.Debug|Any CPU.Build.0 = Debug|Any CPU
		{274E2309-AC19-4D5B-98FC-9774207CA44B}.Release|Any CPU.ActiveCfg = Release|Any CPU
		{274E2309-AC19-4D5B-98FC-9774207CA44B}.Release|Any CPU.Build.0 = Release|Any CPU
		{2FBD4CE7-5FCE-40B6-9BA9-8F0011856FF4}.Debug|Any CPU.ActiveCfg = Debug|Any CPU
		{2FBD4CE7-5FCE-40B6-9BA9-8F0011856FF4}.Debug|Any CPU.Build.0 = Debug|Any CPU
		{2FBD4CE7-5FCE-40B6-9BA9-8F0011856FF4}.Release|Any CPU.ActiveCfg = Release|Any CPU
		{2FBD4CE7-5FCE-40B6-9BA9-8F0011856FF4}.Release|Any CPU.Build.0 = Release|Any CPU
		{5B6C845C-8C1A-4AE8-901A-8774AD29BC30}.Debug|Any CPU.ActiveCfg = Debug|Any CPU
		{5B6C845C-8C1A-4AE8-901A-8774AD29BC30}.Debug|Any CPU.Build.0 = Debug|Any CPU
		{5B6C845C-8C1A-4AE8-901A-8774AD29BC30}.Release|Any CPU.ActiveCfg = Release|Any CPU
		{5B6C845C-8C1A-4AE8-901A-8774AD29BC30}.Release|Any CPU.Build.0 = Release|Any CPU
		{74930E13-3DFA-4CD7-8740-A41EAB311744}.Debug|Any CPU.ActiveCfg = Debug|Any CPU
		{74930E13-3DFA-4CD7-8740-A41EAB311744}.Debug|Any CPU.Build.0 = Debug|Any CPU
		{74930E13-3DFA-4CD7-8740-A41EAB311744}.Release|Any CPU.ActiveCfg = Release|Any CPU
		{74930E13-3DFA-4CD7-8740-A41EAB311744}.Release|Any CPU.Build.0 = Release|Any CPU
		{54C03EAE-4CF3-4995-887C-7FAC05A8291D}.Debug|Any CPU.ActiveCfg = Debug|Any CPU
		{54C03EAE-4CF3-4995-887C-7FAC05A8291D}.Debug|Any CPU.Build.0 = Debug|Any CPU
		{54C03EAE-4CF3-4995-887C-7FAC05A8291D}.Release|Any CPU.ActiveCfg = Release|Any CPU
		{54C03EAE-4CF3-4995-887C-7FAC05A8291D}.Release|Any CPU.Build.0 = Release|Any CPU
		{D770E3F4-8068-49DD-B0E8-64306D6015BE}.Debug|Any CPU.ActiveCfg = Debug|Any CPU
		{D770E3F4-8068-49DD-B0E8-64306D6015BE}.Debug|Any CPU.Build.0 = Debug|Any CPU
		{D770E3F4-8068-49DD-B0E8-64306D6015BE}.Release|Any CPU.ActiveCfg = Release|Any CPU
		{D770E3F4-8068-49DD-B0E8-64306D6015BE}.Release|Any CPU.Build.0 = Release|Any CPU
		{5E08D49C-230C-4BB7-A9C2-B764EC777A9D}.Debug|Any CPU.ActiveCfg = Debug|Any CPU
		{5E08D49C-230C-4BB7-A9C2-B764EC777A9D}.Debug|Any CPU.Build.0 = Debug|Any CPU
		{5E08D49C-230C-4BB7-A9C2-B764EC777A9D}.Release|Any CPU.ActiveCfg = Release|Any CPU
		{5E08D49C-230C-4BB7-A9C2-B764EC777A9D}.Release|Any CPU.Build.0 = Release|Any CPU
		{EEFBA9F4-FB7A-45EF-BCC2-AEBCF8DAE38A}.Debug|Any CPU.ActiveCfg = Debug|Any CPU
		{EEFBA9F4-FB7A-45EF-BCC2-AEBCF8DAE38A}.Debug|Any CPU.Build.0 = Debug|Any CPU
		{EEFBA9F4-FB7A-45EF-BCC2-AEBCF8DAE38A}.Release|Any CPU.ActiveCfg = Release|Any CPU
		{EEFBA9F4-FB7A-45EF-BCC2-AEBCF8DAE38A}.Release|Any CPU.Build.0 = Release|Any CPU
		{C4717FC4-CDE1-409B-9886-094D1AA5CA4E}.Debug|Any CPU.ActiveCfg = Debug|Any CPU
		{C4717FC4-CDE1-409B-9886-094D1AA5CA4E}.Debug|Any CPU.Build.0 = Debug|Any CPU
		{C4717FC4-CDE1-409B-9886-094D1AA5CA4E}.Release|Any CPU.ActiveCfg = Release|Any CPU
		{C4717FC4-CDE1-409B-9886-094D1AA5CA4E}.Release|Any CPU.Build.0 = Release|Any CPU
		{B22D04C4-B7DF-4AF7-8AE0-6FCBA6D1DC0C}.Debug|Any CPU.ActiveCfg = Debug|Any CPU
		{B22D04C4-B7DF-4AF7-8AE0-6FCBA6D1DC0C}.Debug|Any CPU.Build.0 = Debug|Any CPU
		{B22D04C4-B7DF-4AF7-8AE0-6FCBA6D1DC0C}.Release|Any CPU.ActiveCfg = Release|Any CPU
		{B22D04C4-B7DF-4AF7-8AE0-6FCBA6D1DC0C}.Release|Any CPU.Build.0 = Release|Any CPU
		{38C696BE-AF88-4013-8C1F-C9279EE415A6}.Debug|Any CPU.ActiveCfg = Debug|Any CPU
		{38C696BE-AF88-4013-8C1F-C9279EE415A6}.Debug|Any CPU.Build.0 = Debug|Any CPU
		{38C696BE-AF88-4013-8C1F-C9279EE415A6}.Release|Any CPU.ActiveCfg = Release|Any CPU
		{38C696BE-AF88-4013-8C1F-C9279EE415A6}.Release|Any CPU.Build.0 = Release|Any CPU
	EndGlobalSection
EndGlobal
