
Microsoft Visual Studio Solution File, Format Version 12.00
# Visual Studio Version 17
VisualStudioVersion = 17.12.35707.178
MinimumVisualStudioVersion = 10.0.40219.1
Project("{2150E333-8FDC-42A3-9474-1A3956D46DE8}") = "Services", "Services", "{49BD3C51-129A-4A4C-8AE0-F0DEAE98C215}"
EndProject
Project("{2150E333-8FDC-42A3-9474-1A3956D46DE8}") = "Catalog", "Catalog", "{41A80648-59E5-499B-9398-1C3607868E93}"
EndProject
Project("{FAE04EC0-301F-11D3-BF4B-00C04F79EFBC}") = "Catalog.API", "Services\Catalog\Catalog.API\Catalog.API.csproj", "{412227E8-52FA-4388-AF87-832A284A8C86}"
EndProject
Project("{E53339B2-1760-4266-BCC7-CA923CBCF16C}") = "docker-compose", "docker-compose.dcproj", "{4F3F7B5F-3979-477E-B730-DE8F5D60D473}"
EndProject
Project("{2150E333-8FDC-42A3-9474-1A3956D46DE8}") = "Basket", "Basket", "{37D58A85-7FE6-4EC5-A4F3-A1BB32B3593C}"
EndProject
Project("{FAE04EC0-301F-11D3-BF4B-00C04F79EFBC}") = "Basket.API", "Services\Basket\Basket.API\Basket.API.csproj", "{9A9D1559-CD5C-42AD-B872-5F479AEB2A55}"
EndProject
Project("{2150E333-8FDC-42A3-9474-1A3956D46DE8}") = "Discount", "Discount", "{E89D32A8-1499-4A61-BA15-6969EFA519E1}"
EndProject
Project("{FAE04EC0-301F-11D3-BF4B-00C04F79EFBC}") = "Discount.Grpc", "Services\Discount\Discount.Grpc\Discount.Grpc.csproj", "{BC2F1C9B-746F-42DC-8D48-7FDA56899268}"
EndProject
Project("{2150E333-8FDC-42A3-9474-1A3956D46DE8}") = "Ordering", "Ordering", "{9EA9DE70-E284-4354-B026-A8C76546E7B7}"
EndProject
Project("{FAE04EC0-301F-11D3-BF4B-00C04F79EFBC}") = "Ordering.API", "Services\Ordering\Ordering.API\Ordering.API.csproj", "{BDF880E7-4227-4021-953D-F59878FA4BC2}"
EndProject
Project("{FAE04EC0-301F-11D3-BF4B-00C04F79EFBC}") = "Ordering.Domain", "Services\Ordering\Ordering.Domain\Ordering.Domain.csproj", "{273ECF2F-F8B8-4678-95F6-A3300815800C}"
EndProject
Project("{FAE04EC0-301F-11D3-BF4B-00C04F79EFBC}") = "Ordering.Application", "Services\Ordering\Ordering.Application\Ordering.Application.csproj", "{87D9E779-37EF-4E54-82A8-2DDAFF0981C2}"
EndProject
Project("{FAE04EC0-301F-11D3-BF4B-00C04F79EFBC}") = "Ordering.Infrastructure", "Services\Ordering\Ordering.Infrastructure\Ordering.Infrastructure.csproj", "{7A8B1259-1B05-4D77-80E0-61D2C0251FF6}"
EndProject
Project("{2150E333-8FDC-42A3-9474-1A3956D46DE8}") = "BuildingBlocks", "BuildingBlocks", "{C1515808-0630-4B68-BDF0-85A1AB419838}"
EndProject
Project("{FAE04EC0-301F-11D3-BF4B-00C04F79EFBC}") = "BuildingBlocks", "BuildingBlocks\BuildingBlocks\BuildingBlocks.csproj", "{1196EAB2-705F-4690-882A-D2FBE804C728}"
EndProject
Project("{FAE04EC0-301F-11D3-BF4B-00C04F79EFBC}") = "BuildingBlocks.Messaging", "BuildingBlocks\BuildingBlocks.Messaging\BuildingBlocks.Messaging.csproj", "{7BDDC02B-085C-461D-A901-3FF7B88B88D2}"
EndProject
Project("{2150E333-8FDC-42A3-9474-1A3956D46DE8}") = "ApiGateways", "ApiGateways", "{F3483DF4-DDCF-4C25-86CE-073A23D4906A}"
EndProject
Project("{FAE04EC0-301F-11D3-BF4B-00C04F79EFBC}") = "YarpApiGateway", "ApiGateways\YarpApiGateway\YarpApiGateway.csproj", "{065476E0-A2E4-4506-8E66-E8C1F1ECDCA8}"
EndProject
Global
	GlobalSection(SolutionConfigurationPlatforms) = preSolution
		Debug|Any CPU = Debug|Any CPU
		Release|Any CPU = Release|Any CPU
	EndGlobalSection
	GlobalSection(ProjectConfigurationPlatforms) = postSolution
		{412227E8-52FA-4388-AF87-832A284A8C86}.Debug|Any CPU.ActiveCfg = Debug|Any CPU
		{412227E8-52FA-4388-AF87-832A284A8C86}.Debug|Any CPU.Build.0 = Debug|Any CPU
		{412227E8-52FA-4388-AF87-832A284A8C86}.Release|Any CPU.ActiveCfg = Release|Any CPU
		{412227E8-52FA-4388-AF87-832A284A8C86}.Release|Any CPU.Build.0 = Release|Any CPU
		{4F3F7B5F-3979-477E-B730-DE8F5D60D473}.Debug|Any CPU.ActiveCfg = Debug|Any CPU
		{4F3F7B5F-3979-477E-B730-DE8F5D60D473}.Debug|Any CPU.Build.0 = Debug|Any CPU
		{4F3F7B5F-3979-477E-B730-DE8F5D60D473}.Release|Any CPU.ActiveCfg = Release|Any CPU
		{4F3F7B5F-3979-477E-B730-DE8F5D60D473}.Release|Any CPU.Build.0 = Release|Any CPU
		{9A9D1559-CD5C-42AD-B872-5F479AEB2A55}.Debug|Any CPU.ActiveCfg = Debug|Any CPU
		{9A9D1559-CD5C-42AD-B872-5F479AEB2A55}.Debug|Any CPU.Build.0 = Debug|Any CPU
		{9A9D1559-CD5C-42AD-B872-5F479AEB2A55}.Release|Any CPU.ActiveCfg = Release|Any CPU
		{9A9D1559-CD5C-42AD-B872-5F479AEB2A55}.Release|Any CPU.Build.0 = Release|Any CPU
		{BC2F1C9B-746F-42DC-8D48-7FDA56899268}.Debug|Any CPU.ActiveCfg = Debug|Any CPU
		{BC2F1C9B-746F-42DC-8D48-7FDA56899268}.Debug|Any CPU.Build.0 = Debug|Any CPU
		{BC2F1C9B-746F-42DC-8D48-7FDA56899268}.Release|Any CPU.ActiveCfg = Release|Any CPU
		{BC2F1C9B-746F-42DC-8D48-7FDA56899268}.Release|Any CPU.Build.0 = Release|Any CPU
		{BDF880E7-4227-4021-953D-F59878FA4BC2}.Debug|Any CPU.ActiveCfg = Debug|Any CPU
		{BDF880E7-4227-4021-953D-F59878FA4BC2}.Debug|Any CPU.Build.0 = Debug|Any CPU
		{BDF880E7-4227-4021-953D-F59878FA4BC2}.Release|Any CPU.ActiveCfg = Release|Any CPU
		{BDF880E7-4227-4021-953D-F59878FA4BC2}.Release|Any CPU.Build.0 = Release|Any CPU
		{273ECF2F-F8B8-4678-95F6-A3300815800C}.Debug|Any CPU.ActiveCfg = Debug|Any CPU
		{273ECF2F-F8B8-4678-95F6-A3300815800C}.Debug|Any CPU.Build.0 = Debug|Any CPU
		{273ECF2F-F8B8-4678-95F6-A3300815800C}.Release|Any CPU.ActiveCfg = Release|Any CPU
		{273ECF2F-F8B8-4678-95F6-A3300815800C}.Release|Any CPU.Build.0 = Release|Any CPU
		{87D9E779-37EF-4E54-82A8-2DDAFF0981C2}.Debug|Any CPU.ActiveCfg = Debug|Any CPU
		{87D9E779-37EF-4E54-82A8-2DDAFF0981C2}.Debug|Any CPU.Build.0 = Debug|Any CPU
		{87D9E779-37EF-4E54-82A8-2DDAFF0981C2}.Release|Any CPU.ActiveCfg = Release|Any CPU
		{87D9E779-37EF-4E54-82A8-2DDAFF0981C2}.Release|Any CPU.Build.0 = Release|Any CPU
		{7A8B1259-1B05-4D77-80E0-61D2C0251FF6}.Debug|Any CPU.ActiveCfg = Debug|Any CPU
		{7A8B1259-1B05-4D77-80E0-61D2C0251FF6}.Debug|Any CPU.Build.0 = Debug|Any CPU
		{7A8B1259-1B05-4D77-80E0-61D2C0251FF6}.Release|Any CPU.ActiveCfg = Release|Any CPU
		{7A8B1259-1B05-4D77-80E0-61D2C0251FF6}.Release|Any CPU.Build.0 = Release|Any CPU
		{1196EAB2-705F-4690-882A-D2FBE804C728}.Debug|Any CPU.ActiveCfg = Debug|Any CPU
		{1196EAB2-705F-4690-882A-D2FBE804C728}.Debug|Any CPU.Build.0 = Debug|Any CPU
		{1196EAB2-705F-4690-882A-D2FBE804C728}.Release|Any CPU.ActiveCfg = Release|Any CPU
		{1196EAB2-705F-4690-882A-D2FBE804C728}.Release|Any CPU.Build.0 = Release|Any CPU
		{7BDDC02B-085C-461D-A901-3FF7B88B88D2}.Debug|Any CPU.ActiveCfg = Debug|Any CPU
		{7BDDC02B-085C-461D-A901-3FF7B88B88D2}.Debug|Any CPU.Build.0 = Debug|Any CPU
		{7BDDC02B-085C-461D-A901-3FF7B88B88D2}.Release|Any CPU.ActiveCfg = Release|Any CPU
		{7BDDC02B-085C-461D-A901-3FF7B88B88D2}.Release|Any CPU.Build.0 = Release|Any CPU
		{065476E0-A2E4-4506-8E66-E8C1F1ECDCA8}.Debug|Any CPU.ActiveCfg = Debug|Any CPU
		{065476E0-A2E4-4506-8E66-E8C1F1ECDCA8}.Debug|Any CPU.Build.0 = Debug|Any CPU
		{065476E0-A2E4-4506-8E66-E8C1F1ECDCA8}.Release|Any CPU.ActiveCfg = Release|Any CPU
		{065476E0-A2E4-4506-8E66-E8C1F1ECDCA8}.Release|Any CPU.Build.0 = Release|Any CPU
	EndGlobalSection
	GlobalSection(SolutionProperties) = preSolution
		HideSolutionNode = FALSE
	EndGlobalSection
	GlobalSection(NestedProjects) = preSolution
		{41A80648-59E5-499B-9398-1C3607868E93} = {49BD3C51-129A-4A4C-8AE0-F0DEAE98C215}
		{412227E8-52FA-4388-AF87-832A284A8C86} = {41A80648-59E5-499B-9398-1C3607868E93}
		{37D58A85-7FE6-4EC5-A4F3-A1BB32B3593C} = {49BD3C51-129A-4A4C-8AE0-F0DEAE98C215}
		{9A9D1559-CD5C-42AD-B872-5F479AEB2A55} = {37D58A85-7FE6-4EC5-A4F3-A1BB32B3593C}
		{E89D32A8-1499-4A61-BA15-6969EFA519E1} = {49BD3C51-129A-4A4C-8AE0-F0DEAE98C215}
		{BC2F1C9B-746F-42DC-8D48-7FDA56899268} = {E89D32A8-1499-4A61-BA15-6969EFA519E1}
		{9EA9DE70-E284-4354-B026-A8C76546E7B7} = {49BD3C51-129A-4A4C-8AE0-F0DEAE98C215}
		{BDF880E7-4227-4021-953D-F59878FA4BC2} = {9EA9DE70-E284-4354-B026-A8C76546E7B7}
		{273ECF2F-F8B8-4678-95F6-A3300815800C} = {9EA9DE70-E284-4354-B026-A8C76546E7B7}
		{87D9E779-37EF-4E54-82A8-2DDAFF0981C2} = {9EA9DE70-E284-4354-B026-A8C76546E7B7}
		{7A8B1259-1B05-4D77-80E0-61D2C0251FF6} = {9EA9DE70-E284-4354-B026-A8C76546E7B7}
		{1196EAB2-705F-4690-882A-D2FBE804C728} = {C1515808-0630-4B68-BDF0-85A1AB419838}
		{7BDDC02B-085C-461D-A901-3FF7B88B88D2} = {C1515808-0630-4B68-BDF0-85A1AB419838}
		{065476E0-A2E4-4506-8E66-E8C1F1ECDCA8} = {F3483DF4-DDCF-4C25-86CE-073A23D4906A}
	EndGlobalSection
EndGlobal
